
Microsoft Visual Studio Solution File, Format Version 12.00
# Visual Studio Version 17
VisualStudioVersion = 17.2.32526.322
MinimumVisualStudioVersion = 10.0.40219.1
Project("{9A19103F-16F7-4668-BE54-9A1E7A4F7556}") = "Ch02", "Ch02\Ch02.csproj", "{87817F5D-9ABC-4BAD-8DF6-69D5BABD36FA}"
EndProject
Project("{2150E333-8FDC-42A3-9474-1A3956D46DE8}") = "솔루션 항목", "솔루션 항목", "{AC318B1E-9741-431D-ADEC-211B271D5001}"
EndProject
Project("{9A19103F-16F7-4668-BE54-9A1E7A4F7556}") = "Ch03", "Ch03\Ch03.csproj", "{AC630FC7-83C4-4145-8C92-C5E30E46EC3A}"
EndProject
Project("{9A19103F-16F7-4668-BE54-9A1E7A4F7556}") = "ch01", "ch01\ch01.csproj", "{09C12F93-AF2C-4B89-8A66-B5EC389AA908}"
EndProject
Project("{9A19103F-16F7-4668-BE54-9A1E7A4F7556}") = "Book", "Book\Book.csproj", "{D1CF2CA1-FC33-40CF-A1C6-4CB10D6EE072}"
EndProject
Project("{9A19103F-16F7-4668-BE54-9A1E7A4F7556}") = "백준", "백준\백준.csproj", "{12941DC2-021E-494C-8468-FD6CDAF5EE81}"
EndProject
Project("{9A19103F-16F7-4668-BE54-9A1E7A4F7556}") = "Ch04", "Ch04\Ch04.csproj", "{71773E54-DD65-49C2-9D39-A2B41969E020}"
EndProject
Project("{9A19103F-16F7-4668-BE54-9A1E7A4F7556}") = "Ch05", "Ch05\Ch05.csproj", "{BD9BFEB6-6F59-4704-9BB1-A6CA97B5D4B1}"
EndProject
Project("{9A19103F-16F7-4668-BE54-9A1E7A4F7556}") = "Test", "Test\Test.csproj", "{BFCB251C-DE2B-4CE9-8FDB-E96D17D7A169}"
EndProject
Project("{9A19103F-16F7-4668-BE54-9A1E7A4F7556}") = "Ch06", "Ch06\Ch06.csproj", "{E0325B16-E3C3-4BBE-9F7E-F25FC34F522B}"
EndProject
Project("{9A19103F-16F7-4668-BE54-9A1E7A4F7556}") = "Ch07", "Ch07\Ch07.csproj", "{4439D112-7341-4356-92DC-64513536187F}"
EndProject
Project("{9A19103F-16F7-4668-BE54-9A1E7A4F7556}") = "Ch08", "Ch08\Ch08.csproj", "{91E5D3AD-2D51-4464-8E9C-770316DD8E49}"
EndProject
Project("{9A19103F-16F7-4668-BE54-9A1E7A4F7556}") = "Ch09", "Ch09\Ch09.csproj", "{49228887-B235-442C-B32F-DDA292A640D3}"
EndProject
Project("{9A19103F-16F7-4668-BE54-9A1E7A4F7556}") = "Ch10", "Ch10\Ch10.csproj", "{BEC00482-FE08-4BAD-8BFD-67D9E49A3322}"
EndProject
Project("{9A19103F-16F7-4668-BE54-9A1E7A4F7556}") = "Ch11", "Ch11\Ch11.csproj", "{4DE09AB7-2860-4B07-9DB4-902BCC8D07F5}"
EndProject
Project("{9A19103F-16F7-4668-BE54-9A1E7A4F7556}") = "project1 v1.0", "projecct1\project1 v1.0.csproj", "{5AC88A70-78B4-4C61-8AD1-6AFACB6A9178}"
EndProject
Project("{9A19103F-16F7-4668-BE54-9A1E7A4F7556}") = "Project2", "Project2\Project2.csproj", "{78BF6175-1C14-4AFB-895A-E6B9F4693083}"
EndProject
Project("{9A19103F-16F7-4668-BE54-9A1E7A4F7556}") = "Personal Project 1", "Personal Project 1\Personal Project 1.csproj", "{AE07FF81-CA49-4CB8-A81B-5114D725BF1F}"
EndProject
Project("{9A19103F-16F7-4668-BE54-9A1E7A4F7556}") = "Project3", "Project3\Project3.csproj", "{96AB7710-02B3-48DC-87B4-EABAB4ACBE0E}"
EndProject
Project("{9A19103F-16F7-4668-BE54-9A1E7A4F7556}") = "Project4", "Project4\Project4.csproj", "{B71B3165-A067-4A5D-97C0-525E3DD36BE9}"
EndProject
Global
	GlobalSection(SolutionConfigurationPlatforms) = preSolution
		Debug|Any CPU = Debug|Any CPU
		Release|Any CPU = Release|Any CPU
	EndGlobalSection
	GlobalSection(ProjectConfigurationPlatforms) = postSolution
		{87817F5D-9ABC-4BAD-8DF6-69D5BABD36FA}.Debug|Any CPU.ActiveCfg = Debug|Any CPU
		{87817F5D-9ABC-4BAD-8DF6-69D5BABD36FA}.Debug|Any CPU.Build.0 = Debug|Any CPU
		{87817F5D-9ABC-4BAD-8DF6-69D5BABD36FA}.Release|Any CPU.ActiveCfg = Release|Any CPU
		{87817F5D-9ABC-4BAD-8DF6-69D5BABD36FA}.Release|Any CPU.Build.0 = Release|Any CPU
		{AC630FC7-83C4-4145-8C92-C5E30E46EC3A}.Debug|Any CPU.ActiveCfg = Debug|Any CPU
		{AC630FC7-83C4-4145-8C92-C5E30E46EC3A}.Debug|Any CPU.Build.0 = Debug|Any CPU
		{AC630FC7-83C4-4145-8C92-C5E30E46EC3A}.Release|Any CPU.ActiveCfg = Release|Any CPU
		{AC630FC7-83C4-4145-8C92-C5E30E46EC3A}.Release|Any CPU.Build.0 = Release|Any CPU
		{09C12F93-AF2C-4B89-8A66-B5EC389AA908}.Debug|Any CPU.ActiveCfg = Debug|Any CPU
		{09C12F93-AF2C-4B89-8A66-B5EC389AA908}.Debug|Any CPU.Build.0 = Debug|Any CPU
		{09C12F93-AF2C-4B89-8A66-B5EC389AA908}.Release|Any CPU.ActiveCfg = Release|Any CPU
		{09C12F93-AF2C-4B89-8A66-B5EC389AA908}.Release|Any CPU.Build.0 = Release|Any CPU
		{D1CF2CA1-FC33-40CF-A1C6-4CB10D6EE072}.Debug|Any CPU.ActiveCfg = Debug|Any CPU
		{D1CF2CA1-FC33-40CF-A1C6-4CB10D6EE072}.Debug|Any CPU.Build.0 = Debug|Any CPU
		{D1CF2CA1-FC33-40CF-A1C6-4CB10D6EE072}.Release|Any CPU.ActiveCfg = Release|Any CPU
		{D1CF2CA1-FC33-40CF-A1C6-4CB10D6EE072}.Release|Any CPU.Build.0 = Release|Any CPU
		{12941DC2-021E-494C-8468-FD6CDAF5EE81}.Debug|Any CPU.ActiveCfg = Debug|Any CPU
		{12941DC2-021E-494C-8468-FD6CDAF5EE81}.Debug|Any CPU.Build.0 = Debug|Any CPU
		{12941DC2-021E-494C-8468-FD6CDAF5EE81}.Release|Any CPU.ActiveCfg = Release|Any CPU
		{12941DC2-021E-494C-8468-FD6CDAF5EE81}.Release|Any CPU.Build.0 = Release|Any CPU
		{71773E54-DD65-49C2-9D39-A2B41969E020}.Debug|Any CPU.ActiveCfg = Debug|Any CPU
		{71773E54-DD65-49C2-9D39-A2B41969E020}.Debug|Any CPU.Build.0 = Debug|Any CPU
		{71773E54-DD65-49C2-9D39-A2B41969E020}.Release|Any CPU.ActiveCfg = Release|Any CPU
		{71773E54-DD65-49C2-9D39-A2B41969E020}.Release|Any CPU.Build.0 = Release|Any CPU
		{BD9BFEB6-6F59-4704-9BB1-A6CA97B5D4B1}.Debug|Any CPU.ActiveCfg = Debug|Any CPU
		{BD9BFEB6-6F59-4704-9BB1-A6CA97B5D4B1}.Debug|Any CPU.Build.0 = Debug|Any CPU
		{BD9BFEB6-6F59-4704-9BB1-A6CA97B5D4B1}.Release|Any CPU.ActiveCfg = Release|Any CPU
		{BD9BFEB6-6F59-4704-9BB1-A6CA97B5D4B1}.Release|Any CPU.Build.0 = Release|Any CPU
		{BFCB251C-DE2B-4CE9-8FDB-E96D17D7A169}.Debug|Any CPU.ActiveCfg = Debug|Any CPU
		{BFCB251C-DE2B-4CE9-8FDB-E96D17D7A169}.Debug|Any CPU.Build.0 = Debug|Any CPU
		{BFCB251C-DE2B-4CE9-8FDB-E96D17D7A169}.Release|Any CPU.ActiveCfg = Release|Any CPU
		{BFCB251C-DE2B-4CE9-8FDB-E96D17D7A169}.Release|Any CPU.Build.0 = Release|Any CPU
		{E0325B16-E3C3-4BBE-9F7E-F25FC34F522B}.Debug|Any CPU.ActiveCfg = Debug|Any CPU
		{E0325B16-E3C3-4BBE-9F7E-F25FC34F522B}.Debug|Any CPU.Build.0 = Debug|Any CPU
		{E0325B16-E3C3-4BBE-9F7E-F25FC34F522B}.Release|Any CPU.ActiveCfg = Release|Any CPU
		{E0325B16-E3C3-4BBE-9F7E-F25FC34F522B}.Release|Any CPU.Build.0 = Release|Any CPU
		{4439D112-7341-4356-92DC-64513536187F}.Debug|Any CPU.ActiveCfg = Debug|Any CPU
		{4439D112-7341-4356-92DC-64513536187F}.Debug|Any CPU.Build.0 = Debug|Any CPU
		{4439D112-7341-4356-92DC-64513536187F}.Release|Any CPU.ActiveCfg = Release|Any CPU
		{4439D112-7341-4356-92DC-64513536187F}.Release|Any CPU.Build.0 = Release|Any CPU
		{91E5D3AD-2D51-4464-8E9C-770316DD8E49}.Debug|Any CPU.ActiveCfg = Debug|Any CPU
		{91E5D3AD-2D51-4464-8E9C-770316DD8E49}.Debug|Any CPU.Build.0 = Debug|Any CPU
		{91E5D3AD-2D51-4464-8E9C-770316DD8E49}.Release|Any CPU.ActiveCfg = Release|Any CPU
		{91E5D3AD-2D51-4464-8E9C-770316DD8E49}.Release|Any CPU.Build.0 = Release|Any CPU
		{49228887-B235-442C-B32F-DDA292A640D3}.Debug|Any CPU.ActiveCfg = Debug|Any CPU
		{49228887-B235-442C-B32F-DDA292A640D3}.Debug|Any CPU.Build.0 = Debug|Any CPU
		{49228887-B235-442C-B32F-DDA292A640D3}.Release|Any CPU.ActiveCfg = Release|Any CPU
		{49228887-B235-442C-B32F-DDA292A640D3}.Release|Any CPU.Build.0 = Release|Any CPU
		{BEC00482-FE08-4BAD-8BFD-67D9E49A3322}.Debug|Any CPU.ActiveCfg = Debug|Any CPU
		{BEC00482-FE08-4BAD-8BFD-67D9E49A3322}.Debug|Any CPU.Build.0 = Debug|Any CPU
		{BEC00482-FE08-4BAD-8BFD-67D9E49A3322}.Release|Any CPU.ActiveCfg = Release|Any CPU
		{BEC00482-FE08-4BAD-8BFD-67D9E49A3322}.Release|Any CPU.Build.0 = Release|Any CPU
		{4DE09AB7-2860-4B07-9DB4-902BCC8D07F5}.Debug|Any CPU.ActiveCfg = Debug|Any CPU
		{4DE09AB7-2860-4B07-9DB4-902BCC8D07F5}.Debug|Any CPU.Build.0 = Debug|Any CPU
		{4DE09AB7-2860-4B07-9DB4-902BCC8D07F5}.Release|Any CPU.ActiveCfg = Release|Any CPU
		{4DE09AB7-2860-4B07-9DB4-902BCC8D07F5}.Release|Any CPU.Build.0 = Release|Any CPU
		{5AC88A70-78B4-4C61-8AD1-6AFACB6A9178}.Debug|Any CPU.ActiveCfg = Debug|Any CPU
		{5AC88A70-78B4-4C61-8AD1-6AFACB6A9178}.Debug|Any CPU.Build.0 = Debug|Any CPU
		{5AC88A70-78B4-4C61-8AD1-6AFACB6A9178}.Release|Any CPU.ActiveCfg = Release|Any CPU
		{5AC88A70-78B4-4C61-8AD1-6AFACB6A9178}.Release|Any CPU.Build.0 = Release|Any CPU
		{78BF6175-1C14-4AFB-895A-E6B9F4693083}.Debug|Any CPU.ActiveCfg = Debug|Any CPU
		{78BF6175-1C14-4AFB-895A-E6B9F4693083}.Debug|Any CPU.Build.0 = Debug|Any CPU
		{78BF6175-1C14-4AFB-895A-E6B9F4693083}.Release|Any CPU.ActiveCfg = Release|Any CPU
		{78BF6175-1C14-4AFB-895A-E6B9F4693083}.Release|Any CPU.Build.0 = Release|Any CPU
		{AE07FF81-CA49-4CB8-A81B-5114D725BF1F}.Debug|Any CPU.ActiveCfg = Debug|Any CPU
		{AE07FF81-CA49-4CB8-A81B-5114D725BF1F}.Debug|Any CPU.Build.0 = Debug|Any CPU
		{AE07FF81-CA49-4CB8-A81B-5114D725BF1F}.Release|Any CPU.ActiveCfg = Release|Any CPU
		{AE07FF81-CA49-4CB8-A81B-5114D725BF1F}.Release|Any CPU.Build.0 = Release|Any CPU
		{96AB7710-02B3-48DC-87B4-EABAB4ACBE0E}.Debug|Any CPU.ActiveCfg = Debug|Any CPU
		{96AB7710-02B3-48DC-87B4-EABAB4ACBE0E}.Debug|Any CPU.Build.0 = Debug|Any CPU
		{96AB7710-02B3-48DC-87B4-EABAB4ACBE0E}.Release|Any CPU.ActiveCfg = Release|Any CPU
		{96AB7710-02B3-48DC-87B4-EABAB4ACBE0E}.Release|Any CPU.Build.0 = Release|Any CPU
		{B71B3165-A067-4A5D-97C0-525E3DD36BE9}.Debug|Any CPU.ActiveCfg = Debug|Any CPU
		{B71B3165-A067-4A5D-97C0-525E3DD36BE9}.Debug|Any CPU.Build.0 = Debug|Any CPU
		{B71B3165-A067-4A5D-97C0-525E3DD36BE9}.Release|Any CPU.ActiveCfg = Release|Any CPU
		{B71B3165-A067-4A5D-97C0-525E3DD36BE9}.Release|Any CPU.Build.0 = Release|Any CPU
	EndGlobalSection
	GlobalSection(SolutionProperties) = preSolution
		HideSolutionNode = FALSE
	EndGlobalSection
	GlobalSection(ExtensibilityGlobals) = postSolution
		SolutionGuid = {5755372B-F40B-4CA6-BF27-463B4B8336DB}
	EndGlobalSection
EndGlobal
