
Microsoft Visual Studio Solution File, Format Version 12.00
# Visual Studio Version 17
VisualStudioVersion = 17.2.32526.322
MinimumVisualStudioVersion = 10.0.40219.1
Project("{FAE04EC0-301F-11D3-BF4B-00C04F79EFBC}") = "projecct1", "projecct1.csproj", "{05AC378B-9039-4BB9-B4B3-027D041563F0}"
EndProject
Global
	GlobalSection(SolutionConfigurationPlatforms) = preSolution
		Debug|Any CPU = Debug|Any CPU
		Release|Any CPU = Release|Any CPU
	EndGlobalSection
	GlobalSection(ProjectConfigurationPlatforms) = postSolution
		{05AC378B-9039-4BB9-B4B3-027D041563F0}.Debug|Any CPU.ActiveCfg = Debug|Any CPU
		{05AC378B-9039-4BB9-B4B3-027D041563F0}.Debug|Any CPU.Build.0 = Debug|Any CPU
		{05AC378B-9039-4BB9-B4B3-027D041563F0}.Release|Any CPU.ActiveCfg = Release|Any CPU
		{05AC378B-9039-4BB9-B4B3-027D041563F0}.Release|Any CPU.Build.0 = Release|Any CPU
	EndGlobalSection
	GlobalSection(SolutionProperties) = preSolution
		HideSolutionNode = FALSE
	EndGlobalSection
	GlobalSection(ExtensibilityGlobals) = postSolution
		SolutionGuid = {FBDF07B9-D710-455D-9A72-AC96F4A3F4CA}
	EndGlobalSection
EndGlobal
