
Microsoft Visual Studio Solution File, Format Version 12.00
# Visual Studio Version 16
VisualStudioVersion = 25.0.1700.1
MinimumVisualStudioVersion = 10.0.40219.1
Project("{FAE04EC0-301F-11D3-BF4B-00C04F79EFBC}") = "Book", "Book.csproj", "{192B05D6-EFD3-4719-989E-E6F05586ABB2}"
EndProject
Global
	GlobalSection(SolutionConfigurationPlatforms) = preSolution
		Debug|Any CPU = Debug|Any CPU
		Release|Any CPU = Release|Any CPU
	EndGlobalSection
	GlobalSection(ProjectConfigurationPlatforms) = postSolution
		{192B05D6-EFD3-4719-989E-E6F05586ABB2}.Debug|Any CPU.ActiveCfg = Debug|Any CPU
		{192B05D6-EFD3-4719-989E-E6F05586ABB2}.Debug|Any CPU.Build.0 = Debug|Any CPU
		{192B05D6-EFD3-4719-989E-E6F05586ABB2}.Release|Any CPU.ActiveCfg = Release|Any CPU
		{192B05D6-EFD3-4719-989E-E6F05586ABB2}.Release|Any CPU.Build.0 = Release|Any CPU
	EndGlobalSection
	GlobalSection(SolutionProperties) = preSolution
		HideSolutionNode = FALSE
	EndGlobalSection
	GlobalSection(ExtensibilityGlobals) = postSolution
		SolutionGuid = {24B2945E-B847-4C25-BAD6-5BCE1F94C424}
	EndGlobalSection
EndGlobal
